Microsoft Visual Studio Solution File, Format Version 12.00
# Visual Studio Version 17
VisualStudioVersion = 17.5.2.0
MinimumVisualStudioVersion = 10.0.40219.1
Project("{FAE04EC0-301F-11D3-BF4B-00C04F79EFBC}") = "PortfolioApp", "PortfolioApp\PortfolioApp.csproj", "{DF77BE48-B8D1-67F9-78C7-286E2A30239F}"
EndProject
Global
	GlobalSection(SolutionConfigurationPlatforms) = preSolution
		Debug|Any CPU = Debug|Any CPU
		Release|Any CPU = Release|Any CPU
	EndGlobalSection
	GlobalSection(ProjectConfigurationPlatforms) = postSolution
		{DF77BE48-B8D1-67F9-78C7-286E2A30239F}.Debug|Any CPU.ActiveCfg = Debug|Any CPU
		{DF77BE48-B8D1-67F9-78C7-286E2A30239F}.Debug|Any CPU.Build.0 = Debug|Any CPU
		{DF77BE48-B8D1-67F9-78C7-286E2A30239F}.Release|Any CPU.ActiveCfg = Release|Any CPU
		{DF77BE48-B8D1-67F9-78C7-286E2A30239F}.Release|Any CPU.Build.0 = Release|Any CPU
	EndGlobalSection
	GlobalSection(SolutionProperties) = preSolution
		HideSolutionNode = FALSE
	EndGlobalSection
	GlobalSection(ExtensibilityGlobals) = postSolution
		SolutionGuid = {F4A64CDD-090C-4E56-8AC4-DC6021B51545}
	EndGlobalSection
EndGlobal
